
Microsoft Visual Studio Solution File, Format Version 12.00
# Visual Studio 15
VisualStudioVersion = 15.0.26730.16
MinimumVisualStudioVersion = 10.0.40219.1
Project("{8BC9CEB8-8B4A-11D0-8D11-00A0C91BC942}") = "P18", "P18\P18.vcxproj", "{A9081280-DC7A-4FE0-B7A2-61D22D2EA0CC}"
EndProject
Global
	GlobalSection(SolutionConfigurationPlatforms) = preSolution
		Debug|x64 = Debug|x64
		Debug|x86 = Debug|x86
		Release|x64 = Release|x64
		Release|x86 = Release|x86
	EndGlobalSection
	GlobalSection(ProjectConfigurationPlatforms) = postSolution
		{A9081280-DC7A-4FE0-B7A2-61D22D2EA0CC}.Debug|x64.ActiveCfg = Debug|x64
		{A9081280-DC7A-4FE0-B7A2-61D22D2EA0CC}.Debug|x64.Build.0 = Debug|x64
		{A9081280-DC7A-4FE0-B7A2-61D22D2EA0CC}.Debug|x86.ActiveCfg = Debug|Win32
		{A9081280-DC7A-4FE0-B7A2-61D22D2EA0CC}.Debug|x86.Build.0 = Debug|Win32
		{A9081280-DC7A-4FE0-B7A2-61D22D2EA0CC}.Release|x64.ActiveCfg = Release|x64
		{A9081280-DC7A-4FE0-B7A2-61D22D2EA0CC}.Release|x64.Build.0 = Release|x64
		{A9081280-DC7A-4FE0-B7A2-61D22D2EA0CC}.Release|x86.ActiveCfg = Release|Win32
		{A9081280-DC7A-4FE0-B7A2-61D22D2EA0CC}.Release|x86.Build.0 = Release|Win32
	EndGlobalSection
	GlobalSection(SolutionProperties) = preSolution
		HideSolutionNode = FALSE
	EndGlobalSection
	GlobalSection(ExtensibilityGlobals) = postSolution
		SolutionGuid = {FC60D5D7-09D8-452B-898E-D4E0B2D305C3}
	EndGlobalSection
EndGlobal
